// !$*UTF8*$!
{
	archiveVersion = 1;
	classes = {
	};
	objectVersion = 50;
	objects = {

/* Begin PBXBuildFile section */
		BF6B23E42253A40C0075065D /* AppDelegate.swift in Sources */ = {isa = PBXBuildFile; fileRef = BF6B23E32253A40C0075065D /* AppDelegate.swift */; };
		BF6B23EB2253A40F0075065D /* Assets.xcassets in Resources */ = {isa = PBXBuildFile; fileRef = BF6B23EA2253A40F0075065D /* Assets.xcassets */; };
		BF6B23EE2253A40F0075065D /* LaunchScreen.storyboard in Resources */ = {isa = PBXBuildFile; fileRef = BF6B23EC2253A40F0075065D /* LaunchScreen.storyboard */; };
		BF6B23F72253A45B0075065D /* ViewController.swift in Sources */ = {isa = PBXBuildFile; fileRef = BF6B23F52253A45B0075065D /* ViewController.swift */; };
		BF6B23F82253A45B0075065D /* ViewController.xib in Resources */ = {isa = PBXBuildFile; fileRef = BF6B23F62253A45B0075065D /* ViewController.xib */; };
		BF6B23FB2253B3440075065D /* InteractiveViewController.swift in Sources */ = {isa = PBXBuildFile; fileRef = BF6B23F92253B3440075065D /* InteractiveViewController.swift */; };
		BF6B23FC2253B3440075065D /* InteractiveViewController.xib in Resources */ = {isa = PBXBuildFile; fileRef = BF6B23FA2253B3440075065D /* InteractiveViewController.xib */; };
/* End PBXBuildFile section */

/* Begin PBXFileReference section */
		BF6B23E02253A40C0075065D /* GesturesSample.app */ = {isa = PBXFileReference; explicitFileType = wrapper.application; includeInIndex = 0; path = GesturesSample.app; sourceTree = BUILT_PRODUCTS_DIR; };
		BF6B23E32253A40C0075065D /* AppDelegate.swift */ = {isa = PBXFileReference; lastKnownFileType = sourcecode.swift; path = AppDelegate.swift; sourceTree = "<group>"; };
		BF6B23EA2253A40F0075065D /* Assets.xcassets */ = {isa = PBXFileReference; lastKnownFileType = folder.assetcatalog; path = Assets.xcassets; sourceTree = "<group>"; };
		BF6B23ED2253A40F0075065D /* Base */ = {isa = PBXFileReference; lastKnownFileType = file.storyboard; name = Base; path = Base.lproj/LaunchScreen.storyboard; sourceTree = "<group>"; };
		BF6B23EF2253A40F0075065D /* Info.plist */ = {isa = PBXFileReference; lastKnownFileType = text.plist.xml; path = Info.plist; sourceTree = "<group>"; };
		BF6B23F52253A45B0075065D /* ViewController.swift */ = {isa = PBXFileReference; lastKnownFileType = sourcecode.swift; path = ViewController.swift; sourceTree = "<group>"; };
		BF6B23F62253A45B0075065D /* ViewController.xib */ = {isa = PBXFileReference; lastKnownFileType = file.xib; path = ViewController.xib; sourceTree = "<group>"; };
		BF6B23F92253B3440075065D /* InteractiveViewController.swift */ = {isa = PBXFileReference; lastKnownFileType = sourcecode.swift; path = InteractiveViewController.swift; sourceTree = "<group>"; };
		BF6B23FA2253B3440075065D /* InteractiveViewController.xib */ = {isa = PBXFileReference; lastKnownFileType = file.xib; path = InteractiveViewController.xib; sourceTree = "<group>"; };
/* End PBXFileReference section */

/* Begin PBXFrameworksBuildPhase section */
		BF6B23DD2253A40C0075065D /* Frameworks */ = {
			isa = PBXFrameworksBuildPhase;
			buildActionMask = 2147483647;
			files = (
			);
			runOnlyForDeploymentPostprocessing = 0;
		};
/* End PBXFrameworksBuildPhase section */

/* Begin PBXGroup section */
		BF6B23D72253A40C0075065D = {
			isa = PBXGroup;
			children = (
				BF6B23E22253A40C0075065D /* GesturesSample */,
				BF6B23E12253A40C0075065D /* Products */,
			);
			sourceTree = "<group>";
		};
		BF6B23E12253A40C0075065D /* Products */ = {
			isa = PBXGroup;
			children = (
				BF6B23E02253A40C0075065D /* GesturesSample.app */,
			);
			name = Products;
			sourceTree = "<group>";
		};
		BF6B23E22253A40C0075065D /* GesturesSample */ = {
			isa = PBXGroup;
			children = (
				BF6B23E32253A40C0075065D /* AppDelegate.swift */,
				BF6B23EA2253A40F0075065D /* Assets.xcassets */,
				BF6B23EF2253A40F0075065D /* Info.plist */,
				BF6B23F92253B3440075065D /* InteractiveViewController.swift */,
				BF6B23FA2253B3440075065D /* InteractiveViewController.xib */,
				BF6B23EC2253A40F0075065D /* LaunchScreen.storyboard */,
				BF6B23F52253A45B0075065D /* ViewController.swift */,
				BF6B23F62253A45B0075065D /* ViewController.xib */,
			);
			path = GesturesSample;
			sourceTree = "<group>";
		};
/* End PBXGroup section */

/* Begin PBXNativeTarget section */
		BF6B23DF2253A40C0075065D /* GesturesSample */ = {
			isa = PBXNativeTarget;
			buildConfigurationList = BF6B23F22253A40F0075065D /* Build configuration list for PBXNativeTarget "GesturesSample" */;
			buildPhases = (
				BF6B23DC2253A40C0075065D /* Sources */,
				BF6B23DD2253A40C0075065D /* Frameworks */,
				BF6B23DE2253A40C0075065D /* Resources */,
			);
			buildRules = (
			);
			dependencies = (
			);
			name = GesturesSample;
			productName = GesturesSample;
			productReference = BF6B23E02253A40C0075065D /* GesturesSample.app */;
			productType = "com.apple.product-type.application";
		};
/* End PBXNativeTarget section */

/* Begin PBXProject section */
		BF6B23D82253A40C0075065D /* Project object */ = {
			isa = PBXProject;
			attributes = {
				LastSwiftUpdateCheck = 1020;
				LastUpgradeCheck = 1020;
				ORGANIZATIONNAME = "ry-itto";
				TargetAttributes = {
					BF6B23DF2253A40C0075065D = {
						CreatedOnToolsVersion = 10.2;
					};
				};
			};
			buildConfigurationList = BF6B23DB2253A40C0075065D /* Build configuration list for PBXProject "GesturesSample" */;
			compatibilityVersion = "Xcode 9.3";
			developmentRegion = en;
			hasScannedForEncodings = 0;
			knownRegions = (
				en,
				Base,
			);
			mainGroup = BF6B23D72253A40C0075065D;
			productRefGroup = BF6B23E12253A40C0075065D /* Products */;
			projectDirPath = "";
			projectRoot = "";
			targets = (
				BF6B23DF2253A40C0075065D /* GesturesSample */,
			);
		};
/* End PBXProject section */

/* Begin PBXResourcesBuildPhase section */
		BF6B23DE2253A40C0075065D /* Resources */ = {
			isa = PBXResourcesBuildPhase;
			buildActionMask = 2147483647;
			files = (
				BF6B23EE2253A40F0075065D /* LaunchScreen.storyboard in Resources */,
				BF6B23F82253A45B0075065D /* ViewController.xib in Resources */,
				BF6B23EB2253A40F0075065D /* Assets.xcassets in Resources */,
				BF6B23FC2253B3440075065D /* InteractiveViewController.xib in Resources */,
			);
			runOnlyForDeploymentPostprocessing = 0;
		};
/* End PBXResourcesBuildPhase section */

/* Begin PBXSourcesBuildPhase section */
		BF6B23DC2253A40C0075065D /* Sources */ = {
			isa = PBXSourcesBuildPhase;
			buildActionMask = 2147483647;
			files = (
				BF6B23FB2253B3440075065D /* InteractiveViewController.swift in Sources */,
				BF6B23F72253A45B0075065D /* ViewController.swift in Sources */,
				BF6B23E42253A40C0075065D /* AppDelegate.swift in Sources */,
			);
			runOnlyForDeploymentPostprocessing = 0;
		};
/* End PBXSourcesBuildPhase section */

/* Begin PBXVariantGroup section */
		BF6B23EC2253A40F0075065D /* LaunchScreen.storyboard */ = {
			isa = PBXVariantGroup;
			children = (
				BF6B23ED2253A40F0075065D /* Base */,
			);
			name = LaunchScreen.storyboard;
			sourceTree = "<group>";
		};
/* End PBXVariantGroup section */

/* Begin XCBuildConfiguration section */
		BF6B23F02253A40F0075065D /* Debug */ = {
			isa = XCBuildConfiguration;
			buildSettings = {
				ALWAYS_SEARCH_USER_PATHS = NO;
				CLANG_ANALYZER_NONNULL = YES;
				CLANG_ANALYZER_NUMBER_OBJECT_CONVERSION = YES_AGGRESSIVE;
				CLANG_CXX_LANGUAGE_STANDARD = "gnu++14";
				CLANG_CXX_LIBRARY = "libc++";
				CLANG_ENABLE_MODULES = YES;
				CLANG_ENABLE_OBJC_ARC = YES;
				CLANG_ENABLE_OBJC_WEAK = YES;
				CLANG_WARN_BLOCK_CAPTURE_AUTORELEASING = YES;
				CLANG_WARN_BOOL_CONVERSION = YES;
				CLANG_WARN_COMMA = YES;
				CLANG_WARN_CONSTANT_CONVERSION = YES;
				CLANG_WARN_DEPRECATED_OBJC_IMPLEMENTATIONS = YES;
				CLANG_WARN_DIRECT_OBJC_ISA_USAGE = YES_ERROR;
				CLANG_WARN_DOCUMENTATION_COMMENTS = YES;
				CLANG_WARN_EMPTY_BODY = YES;
				CLANG_WARN_ENUM_CONVERSION = YES;
				CLANG_WARN_INFINITE_RECURSION = YES;
				CLANG_WARN_INT_CONVERSION = YES;
				CLANG_WARN_NON_LITERAL_NULL_CONVERSION = YES;
				CLANG_WARN_OBJC_IMPLICIT_RETAIN_SELF = YES;
				CLANG_WARN_OBJC_LITERAL_CONVERSION = YES;
				CLANG_WARN_OBJC_ROOT_CLASS = YES_ERROR;
				CLANG_WARN_RANGE_LOOP_ANALYSIS = YES;
				CLANG_WARN_STRICT_PROTOTYPES = YES;
				CLANG_WARN_SUSPICIOUS_MOVE = YES;
				CLANG_WARN_UNGUARDED_AVAILABILITY = YES_AGGRESSIVE;
				CLANG_WARN_UNREACHABLE_CODE = YES;
				CLANG_WARN__DUPLICATE_METHOD_MATCH = YES;
				CODE_SIGN_IDENTITY = "iPhone Developer";
				COPY_PHASE_STRIP = NO;
				DEBUG_INFORMATION_FORMAT = dwarf;
				ENABLE_STRICT_OBJC_MSGSEND = YES;
				ENABLE_TESTABILITY = YES;
				GCC_C_LANGUAGE_STANDARD = gnu11;
				GCC_DYNAMIC_NO_PIC = NO;
				GCC_NO_COMMON_BLOCKS = YES;
				GCC_OPTIMIZATION_LEVEL = 0;
				GCC_PREPROCESSOR_DEFINITIONS = (
					"DEBUG=1",
					"$(inherited)",
				);
				GCC_WARN_64_TO_32_BIT_CONVERSION = YES;
				GCC_WARN_ABOUT_RETURN_TYPE = YES_ERROR;
				GCC_WARN_UNDECLARED_SELECTOR = YES;
				GCC_WARN_UNINITIALIZED_AUTOS = YES_AGGRESSIVE;
				GCC_WARN_UNUSED_FUNCTION = YES;
				GCC_WARN_UNUSED_VARIABLE = YES;
				IPHONEOS_DEPLOYMENT_TARGET = 12.2;
				MTL_ENABLE_DEBUG_INFO = INCLUDE_SOURCE;
				MTL_FAST_MATH = YES;
				ONLY_ACTIVE_ARCH = YES;
				SDKROOT = iphoneos;
				SWIFT_ACTIVE_COMPILATION_CONDITIONS = DEBUG;
				SWIFT_OPTIMIZATION_LEVEL = "-Onone";
			};
			name = Debug;
		};
		BF6B23F12253A40F0075065D /* Release */ = {
			isa = XCBuildConfiguration;
			buildSettings = {
				ALWAYS_SEARCH_USER_PATHS = NO;
				CLANG_ANALYZER_NONNULL = YES;
				CLANG_ANALYZER_NUMBER_OBJECT_CONVERSION = YES_AGGRESSIVE;
				CLANG_CXX_LANGUAGE_STANDARD = "gnu++14";
				CLANG_CXX_LIBRARY = "libc++";
				CLANG_ENABLE_MODULES = YES;
				CLANG_ENABLE_OBJC_ARC = YES;
				CLANG_ENABLE_OBJC_WEAK = YES;
				CLANG_WARN_BLOCK_CAPTURE_AUTORELEASING = YES;
				CLANG_WARN_BOOL_CONVERSION = YES;
				CLANG_WARN_COMMA = YES;
				CLANG_WARN_CONSTANT_CONVERSION = YES;
				CLANG_WARN_DEPRECATED_OBJC_IMPLEMENTATIONS = YES;
				CLANG_WARN_DIRECT_OBJC_ISA_USAGE = YES_ERROR;
				CLANG_WARN_DOCUMENTATION_COMMENTS = YES;
				CLANG_WARN_EMPTY_BODY = YES;
				CLANG_WARN_ENUM_CONVERSION = YES;
				CLANG_WARN_INFINITE_RECURSION = YES;
				CLANG_WARN_INT_CONVERSION = YES;
				CLANG_WARN_NON_LITERAL_NULL_CONVERSION = YES;
				CLANG_WARN_OBJC_IMPLICIT_RETAIN_SELF = YES;
				CLANG_WARN_OBJC_LITERAL_CONVERSION = YES;
				CLANG_WARN_OBJC_ROOT_CLASS = YES_ERROR;
				CLANG_WARN_RANGE_LOOP_ANALYSIS = YES;
				CLANG_WARN_STRICT_PROTOTYPES = YES;
				CLANG_WARN_SUSPICIOUS_MOVE = YES;
				CLANG_WARN_UNGUARDED_AVAILABILITY = YES_AGGRESSIVE;
				CLANG_WARN_UNREACHABLE_CODE = YES;
				CLANG_WARN__DUPLICATE_METHOD_MATCH = YES;
				CODE_SIGN_IDENTITY = "iPhone Developer";
				COPY_PHASE_STRIP = NO;
				DEBUG_INFORMATION_FORMAT = "dwarf-with-dsym";
				ENABLE_NS_ASSERTIONS = NO;
				ENABLE_STRICT_OBJC_MSGSEND = YES;
				GCC_C_LANGUAGE_STANDARD = gnu11;
				GCC_NO_COMMON_BLOCKS = YES;
				GCC_WARN_64_TO_32_BIT_CONVERSION = YES;
				GCC_WARN_ABOUT_RETURN_TYPE = YES_ERROR;
				GCC_WARN_UNDECLARED_SELECTOR = YES;
				GCC_WARN_UNINITIALIZED_AUTOS = YES_AGGRESSIVE;
				GCC_WARN_UNUSED_FUNCTION = YES;
				GCC_WARN_UNUSED_VARIABLE = YES;
				IPHONEOS_DEPLOYMENT_TARGET = 12.2;
				MTL_ENABLE_DEBUG_INFO = NO;
				MTL_FAST_MATH = YES;
				SDKROOT = iphoneos;
				SWIFT_COMPILATION_MODE = wholemodule;
				SWIFT_OPTIMIZATION_LEVEL = "-O";
				VALIDATE_PRODUCT = YES;
			};
			name = Release;
		};
		BF6B23F32253A40F0075065D /* Debug */ = {
			isa = XCBuildConfiguration;
			buildSettings = {
				ASSETCATALOG_COMPILER_APPICON_NAME = AppIcon;
				CODE_SIGN_STYLE = Automatic;
				DEVELOPMENT_TEAM = DFY27HWN2G;
				INFOPLIST_FILE = GesturesSample/Info.plist;
				LD_RUNPATH_SEARCH_PATHS = (
					"$(inherited)",
					"@executable_path/Frameworks",
				);
				PRODUCT_BUNDLE_IDENTIFIER = "ry-itto.GesturesSample";
				PRODUCT_NAME = "$(TARGET_NAME)";
				SWIFT_VERSION = 5.0;
				TARGETED_DEVICE_FAMILY = "1,2";
			};
			name = Debug;
		};
		BF6B23F42253A40F0075065D /* Release */ = {
			isa = XCBuildConfiguration;
			buildSettings = {
				ASSETCATALOG_COMPILER_APPICON_NAME = AppIcon;
				CODE_SIGN_STYLE = Automatic;
				DEVELOPMENT_TEAM = DFY27HWN2G;
				INFOPLIST_FILE = GesturesSample/Info.plist;
				LD_RUNPATH_SEARCH_PATHS = (
					"$(inherited)",
					"@executable_path/Frameworks",
				);
				PRODUCT_BUNDLE_IDENTIFIER = "ry-itto.GesturesSample";
				PRODUCT_NAME = "$(TARGET_NAME)";
				SWIFT_VERSION = 5.0;
				TARGETED_DEVICE_FAMILY = "1,2";
			};
			name = Release;
		};
/* End XCBuildConfiguration section */

/* Begin XCConfigurationList section */
		BF6B23DB2253A40C0075065D /* Build configuration list for PBXProject "GesturesSample" */ = {
			isa = XCConfigurationList;
			buildConfigurations = (
				BF6B23F02253A40F0075065D /* Debug */,
				BF6B23F12253A40F0075065D /* Release */,
			);
			defaultConfigurationIsVisible = 0;
			defaultConfigurationName = Release;
		};
		BF6B23F22253A40F0075065D /* Build configuration list for PBXNativeTarget "GesturesSample" */ = {
			isa = XCConfigurationList;
			buildConfigurations = (
				BF6B23F32253A40F0075065D /* Debug */,
				BF6B23F42253A40F0075065D /* Release */,
			);
			defaultConfigurationIsVisible = 0;
			defaultConfigurationName = Release;
		};
/* End XCConfigurationList section */
	};
	rootObject = BF6B23D82253A40C0075065D /* Project object */;
}
