// !$*UTF8*$!
{
	archiveVersion = 1;
	classes = {
	};
	objectVersion = 50;
	objects = {

/* Begin PBXBuildFile section */
		BF629EDE22BCA7F700EC4632 /* AppDelegate.swift in Sources */ = {isa = PBXBuildFile; fileRef = BF629EDD22BCA7F700EC4632 /* AppDelegate.swift */; };
		BF629EE522BCA7F800EC4632 /* Assets.xcassets in Resources */ = {isa = PBXBuildFile; fileRef = BF629EE422BCA7F800EC4632 /* Assets.xcassets */; };
		BF629EE822BCA7F800EC4632 /* LaunchScreen.storyboard in Resources */ = {isa = PBXBuildFile; fileRef = BF629EE622BCA7F800EC4632 /* LaunchScreen.storyboard */; };
		BF629EF022BCA81E00EC4632 /* Resnet50.mlmodel in Sources */ = {isa = PBXBuildFile; fileRef = BF629EEF22BCA81E00EC4632 /* Resnet50.mlmodel */; };
		BF629EF322BCD87200EC4632 /* VisionSampleViewController.swift in Sources */ = {isa = PBXBuildFile; fileRef = BF629EF122BCD87200EC4632 /* VisionSampleViewController.swift */; };
		BF629EF422BCD87200EC4632 /* VisionSampleViewController.xib in Resources */ = {isa = PBXBuildFile; fileRef = BF629EF222BCD87200EC4632 /* VisionSampleViewController.xib */; };
/* End PBXBuildFile section */

/* Begin PBXFileReference section */
		BF629EDA22BCA7F700EC4632 /* VisionFrameworkSample.app */ = {isa = PBXFileReference; explicitFileType = wrapper.application; includeInIndex = 0; path = VisionFrameworkSample.app; sourceTree = BUILT_PRODUCTS_DIR; };
		BF629EDD22BCA7F700EC4632 /* AppDelegate.swift */ = {isa = PBXFileReference; lastKnownFileType = sourcecode.swift; path = AppDelegate.swift; sourceTree = "<group>"; };
		BF629EE422BCA7F800EC4632 /* Assets.xcassets */ = {isa = PBXFileReference; lastKnownFileType = folder.assetcatalog; path = Assets.xcassets; sourceTree = "<group>"; };
		BF629EE722BCA7F800EC4632 /* Base */ = {isa = PBXFileReference; lastKnownFileType = file.storyboard; name = Base; path = Base.lproj/LaunchScreen.storyboard; sourceTree = "<group>"; };
		BF629EE922BCA7F800EC4632 /* Info.plist */ = {isa = PBXFileReference; lastKnownFileType = text.plist.xml; path = Info.plist; sourceTree = "<group>"; };
		BF629EEF22BCA81E00EC4632 /* Resnet50.mlmodel */ = {isa = PBXFileReference; lastKnownFileType = file.mlmodel; path = Resnet50.mlmodel; sourceTree = "<group>"; };
		BF629EF122BCD87200EC4632 /* VisionSampleViewController.swift */ = {isa = PBXFileReference; lastKnownFileType = sourcecode.swift; path = VisionSampleViewController.swift; sourceTree = "<group>"; };
		BF629EF222BCD87200EC4632 /* VisionSampleViewController.xib */ = {isa = PBXFileReference; lastKnownFileType = file.xib; path = VisionSampleViewController.xib; sourceTree = "<group>"; };
/* End PBXFileReference section */

/* Begin PBXFrameworksBuildPhase section */
		BF629ED722BCA7F700EC4632 /* Frameworks */ = {
			isa = PBXFrameworksBuildPhase;
			buildActionMask = 2147483647;
			files = (
			);
			runOnlyForDeploymentPostprocessing = 0;
		};
/* End PBXFrameworksBuildPhase section */

/* Begin PBXGroup section */
		BF629ED122BCA7F700EC4632 = {
			isa = PBXGroup;
			children = (
				BF629EDC22BCA7F700EC4632 /* VisionFrameworkSample */,
				BF629EDB22BCA7F700EC4632 /* Products */,
			);
			sourceTree = "<group>";
		};
		BF629EDB22BCA7F700EC4632 /* Products */ = {
			isa = PBXGroup;
			children = (
				BF629EDA22BCA7F700EC4632 /* VisionFrameworkSample.app */,
			);
			name = Products;
			sourceTree = "<group>";
		};
		BF629EDC22BCA7F700EC4632 /* VisionFrameworkSample */ = {
			isa = PBXGroup;
			children = (
				BF629EDD22BCA7F700EC4632 /* AppDelegate.swift */,
				BF629EE422BCA7F800EC4632 /* Assets.xcassets */,
				BF629EE922BCA7F800EC4632 /* Info.plist */,
				BF629EE622BCA7F800EC4632 /* LaunchScreen.storyboard */,
				BF629EEF22BCA81E00EC4632 /* Resnet50.mlmodel */,
				BF629EF122BCD87200EC4632 /* VisionSampleViewController.swift */,
				BF629EF222BCD87200EC4632 /* VisionSampleViewController.xib */,
			);
			path = VisionFrameworkSample;
			sourceTree = "<group>";
		};
/* End PBXGroup section */

/* Begin PBXNativeTarget section */
		BF629ED922BCA7F700EC4632 /* VisionFrameworkSample */ = {
			isa = PBXNativeTarget;
			buildConfigurationList = BF629EEC22BCA7F800EC4632 /* Build configuration list for PBXNativeTarget "VisionFrameworkSample" */;
			buildPhases = (
				BF629ED622BCA7F700EC4632 /* Sources */,
				BF629ED722BCA7F700EC4632 /* Frameworks */,
				BF629ED822BCA7F700EC4632 /* Resources */,
			);
			buildRules = (
			);
			dependencies = (
			);
			name = VisionFrameworkSample;
			productName = VisionFrameworkSample;
			productReference = BF629EDA22BCA7F700EC4632 /* VisionFrameworkSample.app */;
			productType = "com.apple.product-type.application";
		};
/* End PBXNativeTarget section */

/* Begin PBXProject section */
		BF629ED222BCA7F700EC4632 /* Project object */ = {
			isa = PBXProject;
			attributes = {
				LastSwiftUpdateCheck = 1020;
				LastUpgradeCheck = 1020;
				ORGANIZATIONNAME = "ry-itto";
				TargetAttributes = {
					BF629ED922BCA7F700EC4632 = {
						CreatedOnToolsVersion = 10.2.1;
					};
				};
			};
			buildConfigurationList = BF629ED522BCA7F700EC4632 /* Build configuration list for PBXProject "VisionFrameworkSample" */;
			compatibilityVersion = "Xcode 9.3";
			developmentRegion = en;
			hasScannedForEncodings = 0;
			knownRegions = (
				en,
				Base,
			);
			mainGroup = BF629ED122BCA7F700EC4632;
			productRefGroup = BF629EDB22BCA7F700EC4632 /* Products */;
			projectDirPath = "";
			projectRoot = "";
			targets = (
				BF629ED922BCA7F700EC4632 /* VisionFrameworkSample */,
			);
		};
/* End PBXProject section */

/* Begin PBXResourcesBuildPhase section */
		BF629ED822BCA7F700EC4632 /* Resources */ = {
			isa = PBXResourcesBuildPhase;
			buildActionMask = 2147483647;
			files = (
				BF629EF422BCD87200EC4632 /* VisionSampleViewController.xib in Resources */,
				BF629EE822BCA7F800EC4632 /* LaunchScreen.storyboard in Resources */,
				BF629EE522BCA7F800EC4632 /* Assets.xcassets in Resources */,
			);
			runOnlyForDeploymentPostprocessing = 0;
		};
/* End PBXResourcesBuildPhase section */

/* Begin PBXSourcesBuildPhase section */
		BF629ED622BCA7F700EC4632 /* Sources */ = {
			isa = PBXSourcesBuildPhase;
			buildActionMask = 2147483647;
			files = (
				BF629EF022BCA81E00EC4632 /* Resnet50.mlmodel in Sources */,
				BF629EDE22BCA7F700EC4632 /* AppDelegate.swift in Sources */,
				BF629EF322BCD87200EC4632 /* VisionSampleViewController.swift in Sources */,
			);
			runOnlyForDeploymentPostprocessing = 0;
		};
/* End PBXSourcesBuildPhase section */

/* Begin PBXVariantGroup section */
		BF629EE622BCA7F800EC4632 /* LaunchScreen.storyboard */ = {
			isa = PBXVariantGroup;
			children = (
				BF629EE722BCA7F800EC4632 /* Base */,
			);
			name = LaunchScreen.storyboard;
			sourceTree = "<group>";
		};
/* End PBXVariantGroup section */

/* Begin XCBuildConfiguration section */
		BF629EEA22BCA7F800EC4632 /* Debug */ = {
			isa = XCBuildConfiguration;
			buildSettings = {
				ALWAYS_SEARCH_USER_PATHS = NO;
				CLANG_ANALYZER_NONNULL = YES;
				CLANG_ANALYZER_NUMBER_OBJECT_CONVERSION = YES_AGGRESSIVE;
				CLANG_CXX_LANGUAGE_STANDARD = "gnu++14";
				CLANG_CXX_LIBRARY = "libc++";
				CLANG_ENABLE_MODULES = YES;
				CLANG_ENABLE_OBJC_ARC = YES;
				CLANG_ENABLE_OBJC_WEAK = YES;
				CLANG_WARN_BLOCK_CAPTURE_AUTORELEASING = YES;
				CLANG_WARN_BOOL_CONVERSION = YES;
				CLANG_WARN_COMMA = YES;
				CLANG_WARN_CONSTANT_CONVERSION = YES;
				CLANG_WARN_DEPRECATED_OBJC_IMPLEMENTATIONS = YES;
				CLANG_WARN_DIRECT_OBJC_ISA_USAGE = YES_ERROR;
				CLANG_WARN_DOCUMENTATION_COMMENTS = YES;
				CLANG_WARN_EMPTY_BODY = YES;
				CLANG_WARN_ENUM_CONVERSION = YES;
				CLANG_WARN_INFINITE_RECURSION = YES;
				CLANG_WARN_INT_CONVERSION = YES;
				CLANG_WARN_NON_LITERAL_NULL_CONVERSION = YES;
				CLANG_WARN_OBJC_IMPLICIT_RETAIN_SELF = YES;
				CLANG_WARN_OBJC_LITERAL_CONVERSION = YES;
				CLANG_WARN_OBJC_ROOT_CLASS = YES_ERROR;
				CLANG_WARN_RANGE_LOOP_ANALYSIS = YES;
				CLANG_WARN_STRICT_PROTOTYPES = YES;
				CLANG_WARN_SUSPICIOUS_MOVE = YES;
				CLANG_WARN_UNGUARDED_AVAILABILITY = YES_AGGRESSIVE;
				CLANG_WARN_UNREACHABLE_CODE = YES;
				CLANG_WARN__DUPLICATE_METHOD_MATCH = YES;
				CODE_SIGN_IDENTITY = "iPhone Developer";
				COPY_PHASE_STRIP = NO;
				DEBUG_INFORMATION_FORMAT = dwarf;
				ENABLE_STRICT_OBJC_MSGSEND = YES;
				ENABLE_TESTABILITY = YES;
				GCC_C_LANGUAGE_STANDARD = gnu11;
				GCC_DYNAMIC_NO_PIC = NO;
				GCC_NO_COMMON_BLOCKS = YES;
				GCC_OPTIMIZATION_LEVEL = 0;
				GCC_PREPROCESSOR_DEFINITIONS = (
					"DEBUG=1",
					"$(inherited)",
				);
				GCC_WARN_64_TO_32_BIT_CONVERSION = YES;
				GCC_WARN_ABOUT_RETURN_TYPE = YES_ERROR;
				GCC_WARN_UNDECLARED_SELECTOR = YES;
				GCC_WARN_UNINITIALIZED_AUTOS = YES_AGGRESSIVE;
				GCC_WARN_UNUSED_FUNCTION = YES;
				GCC_WARN_UNUSED_VARIABLE = YES;
				IPHONEOS_DEPLOYMENT_TARGET = 12.2;
				MTL_ENABLE_DEBUG_INFO = INCLUDE_SOURCE;
				MTL_FAST_MATH = YES;
				ONLY_ACTIVE_ARCH = YES;
				SDKROOT = iphoneos;
				SWIFT_ACTIVE_COMPILATION_CONDITIONS = DEBUG;
				SWIFT_OPTIMIZATION_LEVEL = "-Onone";
			};
			name = Debug;
		};
		BF629EEB22BCA7F800EC4632 /* Release */ = {
			isa = XCBuildConfiguration;
			buildSettings = {
				ALWAYS_SEARCH_USER_PATHS = NO;
				CLANG_ANALYZER_NONNULL = YES;
				CLANG_ANALYZER_NUMBER_OBJECT_CONVERSION = YES_AGGRESSIVE;
				CLANG_CXX_LANGUAGE_STANDARD = "gnu++14";
				CLANG_CXX_LIBRARY = "libc++";
				CLANG_ENABLE_MODULES = YES;
				CLANG_ENABLE_OBJC_ARC = YES;
				CLANG_ENABLE_OBJC_WEAK = YES;
				CLANG_WARN_BLOCK_CAPTURE_AUTORELEASING = YES;
				CLANG_WARN_BOOL_CONVERSION = YES;
				CLANG_WARN_COMMA = YES;
				CLANG_WARN_CONSTANT_CONVERSION = YES;
				CLANG_WARN_DEPRECATED_OBJC_IMPLEMENTATIONS = YES;
				CLANG_WARN_DIRECT_OBJC_ISA_USAGE = YES_ERROR;
				CLANG_WARN_DOCUMENTATION_COMMENTS = YES;
				CLANG_WARN_EMPTY_BODY = YES;
				CLANG_WARN_ENUM_CONVERSION = YES;
				CLANG_WARN_INFINITE_RECURSION = YES;
				CLANG_WARN_INT_CONVERSION = YES;
				CLANG_WARN_NON_LITERAL_NULL_CONVERSION = YES;
				CLANG_WARN_OBJC_IMPLICIT_RETAIN_SELF = YES;
				CLANG_WARN_OBJC_LITERAL_CONVERSION = YES;
				CLANG_WARN_OBJC_ROOT_CLASS = YES_ERROR;
				CLANG_WARN_RANGE_LOOP_ANALYSIS = YES;
				CLANG_WARN_STRICT_PROTOTYPES = YES;
				CLANG_WARN_SUSPICIOUS_MOVE = YES;
				CLANG_WARN_UNGUARDED_AVAILABILITY = YES_AGGRESSIVE;
				CLANG_WARN_UNREACHABLE_CODE = YES;
				CLANG_WARN__DUPLICATE_METHOD_MATCH = YES;
				CODE_SIGN_IDENTITY = "iPhone Developer";
				COPY_PHASE_STRIP = NO;
				DEBUG_INFORMATION_FORMAT = "dwarf-with-dsym";
				ENABLE_NS_ASSERTIONS = NO;
				ENABLE_STRICT_OBJC_MSGSEND = YES;
				GCC_C_LANGUAGE_STANDARD = gnu11;
				GCC_NO_COMMON_BLOCKS = YES;
				GCC_WARN_64_TO_32_BIT_CONVERSION = YES;
				GCC_WARN_ABOUT_RETURN_TYPE = YES_ERROR;
				GCC_WARN_UNDECLARED_SELECTOR = YES;
				GCC_WARN_UNINITIALIZED_AUTOS = YES_AGGRESSIVE;
				GCC_WARN_UNUSED_FUNCTION = YES;
				GCC_WARN_UNUSED_VARIABLE = YES;
				IPHONEOS_DEPLOYMENT_TARGET = 12.2;
				MTL_ENABLE_DEBUG_INFO = NO;
				MTL_FAST_MATH = YES;
				SDKROOT = iphoneos;
				SWIFT_COMPILATION_MODE = wholemodule;
				SWIFT_OPTIMIZATION_LEVEL = "-O";
				VALIDATE_PRODUCT = YES;
			};
			name = Release;
		};
		BF629EED22BCA7F800EC4632 /* Debug */ = {
			isa = XCBuildConfiguration;
			buildSettings = {
				ASSETCATALOG_COMPILER_APPICON_NAME = AppIcon;
				CODE_SIGN_STYLE = Automatic;
				DEVELOPMENT_TEAM = DFY27HWN2G;
				INFOPLIST_FILE = VisionFrameworkSample/Info.plist;
				LD_RUNPATH_SEARCH_PATHS = (
					"$(inherited)",
					"@executable_path/Frameworks",
				);
				PRODUCT_BUNDLE_IDENTIFIER = "ry-itto.VisionFrameworkSample";
				PRODUCT_NAME = "$(TARGET_NAME)";
				SWIFT_VERSION = 5.0;
				TARGETED_DEVICE_FAMILY = "1,2";
			};
			name = Debug;
		};
		BF629EEE22BCA7F800EC4632 /* Release */ = {
			isa = XCBuildConfiguration;
			buildSettings = {
				ASSETCATALOG_COMPILER_APPICON_NAME = AppIcon;
				CODE_SIGN_STYLE = Automatic;
				DEVELOPMENT_TEAM = DFY27HWN2G;
				INFOPLIST_FILE = VisionFrameworkSample/Info.plist;
				LD_RUNPATH_SEARCH_PATHS = (
					"$(inherited)",
					"@executable_path/Frameworks",
				);
				PRODUCT_BUNDLE_IDENTIFIER = "ry-itto.VisionFrameworkSample";
				PRODUCT_NAME = "$(TARGET_NAME)";
				SWIFT_VERSION = 5.0;
				TARGETED_DEVICE_FAMILY = "1,2";
			};
			name = Release;
		};
/* End XCBuildConfiguration section */

/* Begin XCConfigurationList section */
		BF629ED522BCA7F700EC4632 /* Build configuration list for PBXProject "VisionFrameworkSample" */ = {
			isa = XCConfigurationList;
			buildConfigurations = (
				BF629EEA22BCA7F800EC4632 /* Debug */,
				BF629EEB22BCA7F800EC4632 /* Release */,
			);
			defaultConfigurationIsVisible = 0;
			defaultConfigurationName = Release;
		};
		BF629EEC22BCA7F800EC4632 /* Build configuration list for PBXNativeTarget "VisionFrameworkSample" */ = {
			isa = XCConfigurationList;
			buildConfigurations = (
				BF629EED22BCA7F800EC4632 /* Debug */,
				BF629EEE22BCA7F800EC4632 /* Release */,
			);
			defaultConfigurationIsVisible = 0;
			defaultConfigurationName = Release;
		};
/* End XCConfigurationList section */
	};
	rootObject = BF629ED222BCA7F700EC4632 /* Project object */;
}
